
Microsoft Visual Studio Solution File, Format Version 12.00
# Visual Studio Version 17
VisualStudioVersion = 17.1.32210.238
MinimumVisualStudioVersion = 10.0.40219.1
Project("{FAE04EC0-301F-11D3-BF4B-00C04F79EFBC}") = "WebsiteTemplate", "WebsiteTemplate\WebsiteTemplate.csproj", "{2A435D38-9934-4B16-8D41-7CC86D2430E6}"
EndProject
Global
	GlobalSection(SolutionConfigurationPlatforms) = preSolution
		Debug|Any CPU = Debug|Any CPU
		Release|Any CPU = Release|Any CPU
	EndGlobalSection
	GlobalSection(ProjectConfigurationPlatforms) = postSolution
		{2A435D38-9934-4B16-8D41-7CC86D2430E6}.Debug|Any CPU.ActiveCfg = Debug|Any CPU
		{2A435D38-9934-4B16-8D41-7CC86D2430E6}.Debug|Any CPU.Build.0 = Debug|Any CPU
		{2A435D38-9934-4B16-8D41-7CC86D2430E6}.Release|Any CPU.ActiveCfg = Release|Any CPU
		{2A435D38-9934-4B16-8D41-7CC86D2430E6}.Release|Any CPU.Build.0 = Release|Any CPU
	EndGlobalSection
	GlobalSection(SolutionProperties) = preSolution
		HideSolutionNode = FALSE
	EndGlobalSection
	GlobalSection(ExtensibilityGlobals) = postSolution
		SolutionGuid = {5734A2B1-19CB-4CE1-A9A2-ACA9BBD48A10}
	EndGlobalSection
EndGlobal
